
Microsoft Visual Studio Solution File, Format Version 12.00
# Visual Studio Version 17
VisualStudioVersion = 17.2.32616.157
MinimumVisualStudioVersion = 10.0.40219.1
Project("{FAE04EC0-301F-11D3-BF4B-00C04F79EFBC}") = "ArrayList", "ArrayList.csproj", "{5AB573F6-EB0C-46F7-9FC1-7D3BAF1CE674}"
EndProject
Global
	GlobalSection(SolutionConfigurationPlatforms) = preSolution
		Debug|Any CPU = Debug|Any CPU
		Release|Any CPU = Release|Any CPU
	EndGlobalSection
	GlobalSection(ProjectConfigurationPlatforms) = postSolution
		{5AB573F6-EB0C-46F7-9FC1-7D3BAF1CE674}.Debug|Any CPU.ActiveCfg = Debug|Any CPU
		{5AB573F6-EB0C-46F7-9FC1-7D3BAF1CE674}.Debug|Any CPU.Build.0 = Debug|Any CPU
		{5AB573F6-EB0C-46F7-9FC1-7D3BAF1CE674}.Release|Any CPU.ActiveCfg = Release|Any CPU
		{5AB573F6-EB0C-46F7-9FC1-7D3BAF1CE674}.Release|Any CPU.Build.0 = Release|Any CPU
	EndGlobalSection
	GlobalSection(SolutionProperties) = preSolution
		HideSolutionNode = FALSE
	EndGlobalSection
	GlobalSection(ExtensibilityGlobals) = postSolution
		SolutionGuid = {8D8CD463-4ABF-49E8-877B-86A59E29BC3E}
	EndGlobalSection
EndGlobal
